
Microsoft Visual Studio Solution File, Format Version 12.00
# Visual Studio Version 17
VisualStudioVersion = 17.8.34330.188
MinimumVisualStudioVersion = 10.0.40219.1
Project("{FAE04EC0-301F-11D3-BF4B-00C04F79EFBC}") = "ExcelTool_ModifyExcel", "ExcelTool_ModifyExcel.csproj", "{4A80E4DD-CAD0-4BB6-BE90-8D3435B72B6E}"
EndProject
Global
	GlobalSection(SolutionConfigurationPlatforms) = preSolution
		Debug|Any CPU = Debug|Any CPU
		Release|Any CPU = Release|Any CPU
	EndGlobalSection
	GlobalSection(ProjectConfigurationPlatforms) = postSolution
		{4A80E4DD-CAD0-4BB6-BE90-8D3435B72B6E}.Debug|Any CPU.ActiveCfg = Debug|Any CPU
		{4A80E4DD-CAD0-4BB6-BE90-8D3435B72B6E}.Debug|Any CPU.Build.0 = Debug|Any CPU
		{4A80E4DD-CAD0-4BB6-BE90-8D3435B72B6E}.Release|Any CPU.ActiveCfg = Release|Any CPU
		{4A80E4DD-CAD0-4BB6-BE90-8D3435B72B6E}.Release|Any CPU.Build.0 = Release|Any CPU
	EndGlobalSection
	GlobalSection(SolutionProperties) = preSolution
		HideSolutionNode = FALSE
	EndGlobalSection
	GlobalSection(ExtensibilityGlobals) = postSolution
		SolutionGuid = {1986A844-7CFF-46DC-B359-08E7327F7377}
	EndGlobalSection
EndGlobal
